
Microsoft Visual Studio Solution File, Format Version 12.00
# Visual Studio Version 17
VisualStudioVersion = 17.0.31903.59
MinimumVisualStudioVersion = 10.0.40219.1
Project("{FAE04EC0-301F-11D3-BF4B-00C04F79EFBC}") = "ProjectPilotLite.Core", "ProjectPilotLite.Core\ProjectPilotLite.Core.csproj", "{8D1045B5-86C7-4E6F-B22D-EF45A0FF5E26}"
EndProject
Project("{FAE04EC0-301F-11D3-BF4B-00C04F79EFBC}") = "ProjectPilotLite.Api", "ProjectPilotLite.Api\ProjectPilotLite.Api.csproj", "{A4BCD123-8EC3-4BB0-99D3-946EE6E2C881}"
EndProject
Project("{FAE04EC0-301F-11D3-BF4B-00C04F79EFBC}") = "ProjectPilotLite.Client.Shared", "ProjectPilotLite.Client.Shared\ProjectPilotLite.Client.Shared.csproj", "{C7C68CF6-BA95-48B5-8C7F-0BFA0D53269A}"
EndProject
Project("{FAE04EC0-301F-11D3-BF4B-00C04F79EFBC}") = "ProjectPilotLite.Wpf", "ProjectPilotLite.Wpf\ProjectPilotLite.Wpf.csproj", "{F0AA6348-F2F9-466A-827C-D696C60506A1}"
EndProject
Project("{FAE04EC0-301F-11D3-BF4B-00C04F79EFBC}") = "ProjectPilotLite.Avalonia", "ProjectPilotLite.Avalonia\ProjectPilotLite.Avalonia.csproj", "{BD29B9EE-EB7E-4B28-9BC2-B53FC8D3600F}"
EndProject
Global
	GlobalSection(SolutionConfigurationPlatforms) = preSolution
		Debug|Any CPU = Debug|Any CPU
		Debug|x64 = Debug|x64
		Debug|x86 = Debug|x86
		Release|Any CPU = Release|Any CPU
		Release|x64 = Release|x64
		Release|x86 = Release|x86
	EndGlobalSection
	GlobalSection(ProjectConfigurationPlatforms) = postSolution
		{8D1045B5-86C7-4E6F-B22D-EF45A0FF5E26}.Debug|Any CPU.ActiveCfg = Debug|Any CPU
		{8D1045B5-86C7-4E6F-B22D-EF45A0FF5E26}.Debug|Any CPU.Build.0 = Debug|Any CPU
		{8D1045B5-86C7-4E6F-B22D-EF45A0FF5E26}.Debug|x64.ActiveCfg = Debug|Any CPU
		{8D1045B5-86C7-4E6F-B22D-EF45A0FF5E26}.Debug|x64.Build.0 = Debug|Any CPU
		{8D1045B5-86C7-4E6F-B22D-EF45A0FF5E26}.Debug|x86.ActiveCfg = Debug|Any CPU
		{8D1045B5-86C7-4E6F-B22D-EF45A0FF5E26}.Debug|x86.Build.0 = Debug|Any CPU
		{8D1045B5-86C7-4E6F-B22D-EF45A0FF5E26}.Release|Any CPU.ActiveCfg = Release|Any CPU
		{8D1045B5-86C7-4E6F-B22D-EF45A0FF5E26}.Release|Any CPU.Build.0 = Release|Any CPU
		{8D1045B5-86C7-4E6F-B22D-EF45A0FF5E26}.Release|x64.ActiveCfg = Release|Any CPU
		{8D1045B5-86C7-4E6F-B22D-EF45A0FF5E26}.Release|x64.Build.0 = Release|Any CPU
		{8D1045B5-86C7-4E6F-B22D-EF45A0FF5E26}.Release|x86.ActiveCfg = Release|Any CPU
		{8D1045B5-86C7-4E6F-B22D-EF45A0FF5E26}.Release|x86.Build.0 = Release|Any CPU
		{A4BCD123-8EC3-4BB0-99D3-946EE6E2C881}.Debug|Any CPU.ActiveCfg = Debug|Any CPU
		{A4BCD123-8EC3-4BB0-99D3-946EE6E2C881}.Debug|Any CPU.Build.0 = Debug|Any CPU
		{A4BCD123-8EC3-4BB0-99D3-946EE6E2C881}.Debug|x64.ActiveCfg = Debug|Any CPU
		{A4BCD123-8EC3-4BB0-99D3-946EE6E2C881}.Debug|x64.Build.0 = Debug|Any CPU
		{A4BCD123-8EC3-4BB0-99D3-946EE6E2C881}.Debug|x86.ActiveCfg = Debug|Any CPU
		{A4BCD123-8EC3-4BB0-99D3-946EE6E2C881}.Debug|x86.Build.0 = Debug|Any CPU
		{A4BCD123-8EC3-4BB0-99D3-946EE6E2C881}.Release|Any CPU.ActiveCfg = Release|Any CPU
		{A4BCD123-8EC3-4BB0-99D3-946EE6E2C881}.Release|Any CPU.Build.0 = Release|Any CPU
		{A4BCD123-8EC3-4BB0-99D3-946EE6E2C881}.Release|x64.ActiveCfg = Release|Any CPU
		{A4BCD123-8EC3-4BB0-99D3-946EE6E2C881}.Release|x64.Build.0 = Release|Any CPU
		{A4BCD123-8EC3-4BB0-99D3-946EE6E2C881}.Release|x86.ActiveCfg = Release|Any CPU
		{A4BCD123-8EC3-4BB0-99D3-946EE6E2C881}.Release|x86.Build.0 = Release|Any CPU
		{C7C68CF6-BA95-48B5-8C7F-0BFA0D53269A}.Debug|Any CPU.ActiveCfg = Debug|Any CPU
		{C7C68CF6-BA95-48B5-8C7F-0BFA0D53269A}.Debug|Any CPU.Build.0 = Debug|Any CPU
		{C7C68CF6-BA95-48B5-8C7F-0BFA0D53269A}.Debug|x64.ActiveCfg = Debug|Any CPU
		{C7C68CF6-BA95-48B5-8C7F-0BFA0D53269A}.Debug|x64.Build.0 = Debug|Any CPU
		{C7C68CF6-BA95-48B5-8C7F-0BFA0D53269A}.Debug|x86.ActiveCfg = Debug|Any CPU
		{C7C68CF6-BA95-48B5-8C7F-0BFA0D53269A}.Debug|x86.Build.0 = Debug|Any CPU
		{C7C68CF6-BA95-48B5-8C7F-0BFA0D53269A}.Release|Any CPU.ActiveCfg = Release|Any CPU
		{C7C68CF6-BA95-48B5-8C7F-0BFA0D53269A}.Release|Any CPU.Build.0 = Release|Any CPU
		{C7C68CF6-BA95-48B5-8C7F-0BFA0D53269A}.Release|x64.ActiveCfg = Release|Any CPU
		{C7C68CF6-BA95-48B5-8C7F-0BFA0D53269A}.Release|x64.Build.0 = Release|Any CPU
		{C7C68CF6-BA95-48B5-8C7F-0BFA0D53269A}.Release|x86.ActiveCfg = Release|Any CPU
		{C7C68CF6-BA95-48B5-8C7F-0BFA0D53269A}.Release|x86.Build.0 = Release|Any CPU
		{F0AA6348-F2F9-466A-827C-D696C60506A1}.Debug|Any CPU.ActiveCfg = Debug|Any CPU
		{F0AA6348-F2F9-466A-827C-D696C60506A1}.Debug|Any CPU.Build.0 = Debug|Any CPU
		{F0AA6348-F2F9-466A-827C-D696C60506A1}.Debug|x64.ActiveCfg = Debug|Any CPU
		{F0AA6348-F2F9-466A-827C-D696C60506A1}.Debug|x64.Build.0 = Debug|Any CPU
		{F0AA6348-F2F9-466A-827C-D696C60506A1}.Debug|x86.ActiveCfg = Debug|Any CPU
		{F0AA6348-F2F9-466A-827C-D696C60506A1}.Debug|x86.Build.0 = Debug|Any CPU
		{F0AA6348-F2F9-466A-827C-D696C60506A1}.Release|Any CPU.ActiveCfg = Release|Any CPU
		{F0AA6348-F2F9-466A-827C-D696C60506A1}.Release|Any CPU.Build.0 = Release|Any CPU
		{F0AA6348-F2F9-466A-827C-D696C60506A1}.Release|x64.ActiveCfg = Release|Any CPU
		{F0AA6348-F2F9-466A-827C-D696C60506A1}.Release|x64.Build.0 = Release|Any CPU
		{F0AA6348-F2F9-466A-827C-D696C60506A1}.Release|x86.ActiveCfg = Release|Any CPU
		{F0AA6348-F2F9-466A-827C-D696C60506A1}.Release|x86.Build.0 = Release|Any CPU
		{BD29B9EE-EB7E-4B28-9BC2-B53FC8D3600F}.Debug|Any CPU.ActiveCfg = Debug|Any CPU
		{BD29B9EE-EB7E-4B28-9BC2-B53FC8D3600F}.Debug|Any CPU.Build.0 = Debug|Any CPU
		{BD29B9EE-EB7E-4B28-9BC2-B53FC8D3600F}.Debug|x64.ActiveCfg = Debug|Any CPU
		{BD29B9EE-EB7E-4B28-9BC2-B53FC8D3600F}.Debug|x64.Build.0 = Debug|Any CPU
		{BD29B9EE-EB7E-4B28-9BC2-B53FC8D3600F}.Debug|x86.ActiveCfg = Debug|Any CPU
		{BD29B9EE-EB7E-4B28-9BC2-B53FC8D3600F}.Debug|x86.Build.0 = Debug|Any CPU
		{BD29B9EE-EB7E-4B28-9BC2-B53FC8D3600F}.Release|Any CPU.ActiveCfg = Release|Any CPU
		{BD29B9EE-EB7E-4B28-9BC2-B53FC8D3600F}.Release|Any CPU.Build.0 = Release|Any CPU
		{BD29B9EE-EB7E-4B28-9BC2-B53FC8D3600F}.Release|x64.ActiveCfg = Release|Any CPU
		{BD29B9EE-EB7E-4B28-9BC2-B53FC8D3600F}.Release|x64.Build.0 = Release|Any CPU
		{BD29B9EE-EB7E-4B28-9BC2-B53FC8D3600F}.Release|x86.ActiveCfg = Release|Any CPU
		{BD29B9EE-EB7E-4B28-9BC2-B53FC8D3600F}.Release|x86.Build.0 = Release|Any CPU
	EndGlobalSection
	GlobalSection(SolutionProperties) = preSolution
		HideSolutionNode = FALSE
	EndGlobalSection
EndGlobal
